<Solution>
  <Configurations>
    <Platform Name="Any CPU" />
    <Platform Name="x64" />
    <Platform Name="x86" />
  </Configurations>
  <Folder Name="/Edge/">
    <Project Path="src/edge/ChattyDuck.Edge.Messanger/ChattyDuck.Edge.Messanger.csproj" />
    <Project Path="src/edge/ChattyDuck.Edge.Notifier/ChattyDuck.Edge.Notifier.csproj" />
  </Folder>
  <Folder Name="/Core/">
    <Project Path="src/core/ChattyDuck.Core.SSO/ChattyDuck.Core.SSO.csproj" />
  </Folder>
  <Folder Name="/Tools/">
    <Project Path="Tools/ChattyDuck.Tools.ConsoleClient/ChattyDuck.Tools.ConsoleClient.csproj" />
  </Folder>
</Solution>
